
Microsoft Visual Studio Solution File, Format Version 12.00
# Visual Studio 15
VisualStudioVersion = 15.0.28010.0
MinimumVisualStudioVersion = 10.0.40219.1
Project("{FAE04EC0-301F-11D3-BF4B-00C04F79EFBC}") = "Compilador", "Compilador\Compilador.csproj", "{68F18E2E-C31C-46AC-A8B7-E8A5B271638D}"
EndProject
Project("{FAE04EC0-301F-11D3-BF4B-00C04F79EFBC}") = "ManejoDeErrores", "..\..\..\Desktop\Tecnológico\Lenguajes y Automatas\Compilador\CompEd\ManejoDeErrores\ManejoDeErrores.csproj", "{2281C15E-097D-4472-B0C7-EC8556432F32}"
EndProject
Project("{FAE04EC0-301F-11D3-BF4B-00C04F79EFBC}") = "Tsimbolos", "..\..\..\Desktop\Tecnológico\Lenguajes y Automatas\Compilador\CompEd\Tsimbolos\Tsimbolos.csproj", "{EE38529B-B8BD-4502-A00F-1FE6FA6ACF57}"
EndProject
Global
	GlobalSection(SolutionConfigurationPlatforms) = preSolution
		Debug|Any CPU = Debug|Any CPU
		Release|Any CPU = Release|Any CPU
	EndGlobalSection
	GlobalSection(ProjectConfigurationPlatforms) = postSolution
		{68F18E2E-C31C-46AC-A8B7-E8A5B271638D}.Debug|Any CPU.ActiveCfg = Debug|Any CPU
		{68F18E2E-C31C-46AC-A8B7-E8A5B271638D}.Debug|Any CPU.Build.0 = Debug|Any CPU
		{68F18E2E-C31C-46AC-A8B7-E8A5B271638D}.Release|Any CPU.ActiveCfg = Release|Any CPU
		{68F18E2E-C31C-46AC-A8B7-E8A5B271638D}.Release|Any CPU.Build.0 = Release|Any CPU
		{2281C15E-097D-4472-B0C7-EC8556432F32}.Debug|Any CPU.ActiveCfg = Debug|Any CPU
		{2281C15E-097D-4472-B0C7-EC8556432F32}.Debug|Any CPU.Build.0 = Debug|Any CPU
		{2281C15E-097D-4472-B0C7-EC8556432F32}.Release|Any CPU.ActiveCfg = Release|Any CPU
		{2281C15E-097D-4472-B0C7-EC8556432F32}.Release|Any CPU.Build.0 = Release|Any CPU
		{EE38529B-B8BD-4502-A00F-1FE6FA6ACF57}.Debug|Any CPU.ActiveCfg = Debug|Any CPU
		{EE38529B-B8BD-4502-A00F-1FE6FA6ACF57}.Debug|Any CPU.Build.0 = Debug|Any CPU
		{EE38529B-B8BD-4502-A00F-1FE6FA6ACF57}.Release|Any CPU.ActiveCfg = Release|Any CPU
		{EE38529B-B8BD-4502-A00F-1FE6FA6ACF57}.Release|Any CPU.Build.0 = Release|Any CPU
	EndGlobalSection
	GlobalSection(SolutionProperties) = preSolution
		HideSolutionNode = FALSE
	EndGlobalSection
	GlobalSection(ExtensibilityGlobals) = postSolution
		SolutionGuid = {EEBAF8E4-74C0-4D01-B78C-25DF9E759105}
	EndGlobalSection
EndGlobal
